{
  "name": "react-native-css-gradient",
  "version": "0.3.0",
  "lockfileVersion": 1,
  "requires": true,
  "dependencies": {
    "gradient-parser": {
      "version": "0.1.5",
      "resolved": "https://registry.npmjs.org/gradient-parser/-/gradient-parser-0.1.5.tgz",
      "integrity": "sha1-DH4heVWeXOfY1x9EI6+TcQCyJIw="
    },
    "react-native-linear-gradient": {
      "version": "2.4.2",
      "resolved": "https://registry.npmjs.org/react-native-linear-gradient/-/react-native-linear-gradient-2.4.2.tgz",
      "integrity": "sha512-6+efUAsLIn8jHwb861ftjNmw0QuIhKCeQ3vBgQvPDWDcdL1M7GbPmOUdATQfoPod+m+UGSjLf8Tez2QwYLAG+A=="
    }
  }
}
